
Microsoft Visual Studio Solution File, Format Version 12.00
# Visual Studio Version 16
VisualStudioVersion = 16.0.32002.261
MinimumVisualStudioVersion = 10.0.40219.1
Project("{FAE04EC0-301F-11D3-BF4B-00C04F79EFBC}") = "InventoryBegininers", "InventoryBegininers\InventoryBegininers.csproj", "{B2EA3E52-574D-4846-9CEF-D9DBDB6EA6C7}"
EndProject
Global
	GlobalSection(SolutionConfigurationPlatforms) = preSolution
		Debug|Any CPU = Debug|Any CPU
		Release|Any CPU = Release|Any CPU
	EndGlobalSection
	GlobalSection(ProjectConfigurationPlatforms) = postSolution
		{B2EA3E52-574D-4846-9CEF-D9DBDB6EA6C7}.Debug|Any CPU.ActiveCfg = Debug|Any CPU
		{B2EA3E52-574D-4846-9CEF-D9DBDB6EA6C7}.Debug|Any CPU.Build.0 = Debug|Any CPU
		{B2EA3E52-574D-4846-9CEF-D9DBDB6EA6C7}.Release|Any CPU.ActiveCfg = Release|Any CPU
		{B2EA3E52-574D-4846-9CEF-D9DBDB6EA6C7}.Release|Any CPU.Build.0 = Release|Any CPU
	EndGlobalSection
	GlobalSection(SolutionProperties) = preSolution
		HideSolutionNode = FALSE
	EndGlobalSection
	GlobalSection(ExtensibilityGlobals) = postSolution
		SolutionGuid = {3A2955C7-E8D2-467A-86B4-72892F4DD21F}
	EndGlobalSection
EndGlobal
